// !$*UTF8*$!
{
	archiveVersion = 1;
	classes = {
	};
	objectVersion = 50;
	objects = {

/* Begin PBXBuildFile section */
		993032142384440900C3F7D4 /* User.swift in Sources */ = {isa = PBXBuildFile; fileRef = 9936AF4E238373A200A9F99C /* User.swift */; };
		9936AF452383371D00A9F99C /* Bearer.swift in Sources */ = {isa = PBXBuildFile; fileRef = 9936AF442383371D00A9F99C /* Bearer.swift */; };
		9936AF47238337B100A9F99C /* NetworkManager.swift in Sources */ = {isa = PBXBuildFile; fileRef = 9936AF46238337B100A9F99C /* NetworkManager.swift */; };
		9936AF4B2383533E00A9F99C /* Subscription.swift in Sources */ = {isa = PBXBuildFile; fileRef = 9936AF4A2383533E00A9F99C /* Subscription.swift */; };
		9936AF4D2383605300A9F99C /* SnackManager.swift in Sources */ = {isa = PBXBuildFile; fileRef = 9936AF4C2383605300A9F99C /* SnackManager.swift */; };
		99570C442385CB8F00DE6E65 /* UserType.swift in Sources */ = {isa = PBXBuildFile; fileRef = 99570C432385CB8F00DE6E65 /* UserType.swift */; };
		99D8270D23831B3000E147C7 /* Snack.swift in Sources */ = {isa = PBXBuildFile; fileRef = 99D8270C23831B3000E147C7 /* Snack.swift */; };
		99D8270F23831B3600E147C7 /* Organization.swift in Sources */ = {isa = PBXBuildFile; fileRef = 99D8270E23831B3600E147C7 /* Organization.swift */; };
		FA806A4923830A92003907EE /* AppDelegate.swift in Sources */ = {isa = PBXBuildFile; fileRef = FA806A4823830A92003907EE /* AppDelegate.swift */; };
		FA806A4B23830A92003907EE /* SceneDelegate.swift in Sources */ = {isa = PBXBuildFile; fileRef = FA806A4A23830A92003907EE /* SceneDelegate.swift */; };
		FA806A5023830A92003907EE /* Main.storyboard in Resources */ = {isa = PBXBuildFile; fileRef = FA806A4E23830A92003907EE /* Main.storyboard */; };
		FA806A5223830A94003907EE /* Assets.xcassets in Resources */ = {isa = PBXBuildFile; fileRef = FA806A5123830A94003907EE /* Assets.xcassets */; };
		FA806A5523830A94003907EE /* LaunchScreen.storyboard in Resources */ = {isa = PBXBuildFile; fileRef = FA806A5323830A94003907EE /* LaunchScreen.storyboard */; };
		FA806A5F2383532E003907EE /* LoginViewController.swift in Sources */ = {isa = PBXBuildFile; fileRef = FA806A5E2383532E003907EE /* LoginViewController.swift */; };
		FA806A612383536C003907EE /* SnacksTableViewController.swift in Sources */ = {isa = PBXBuildFile; fileRef = FA806A602383536C003907EE /* SnacksTableViewController.swift */; };
		FA806A63238353AB003907EE /* SnackDetailViewController.swift in Sources */ = {isa = PBXBuildFile; fileRef = FA806A62238353AB003907EE /* SnackDetailViewController.swift */; };
		FA806A65238353FC003907EE /* SnacksOrderViewController.swift in Sources */ = {isa = PBXBuildFile; fileRef = FA806A64238353FC003907EE /* SnacksOrderViewController.swift */; };
		FA806A6723835462003907EE /* SnacksMainViewController.swift in Sources */ = {isa = PBXBuildFile; fileRef = FA806A6623835462003907EE /* SnacksMainViewController.swift */; };
		FAA7C8AA238456BD00F46C0E /* CRUDMethods.swift in Sources */ = {isa = PBXBuildFile; fileRef = FAA7C8A9238456BD00F46C0E /* CRUDMethods.swift */; };
		FAA7C8AF2384C6F500F46C0E /* HTTPMethods.swift in Sources */ = {isa = PBXBuildFile; fileRef = FAA7C8AE2384C6F400F46C0E /* HTTPMethods.swift */; };
		FAA7C8B12384C7AB00F46C0E /* NetworkError.swift in Sources */ = {isa = PBXBuildFile; fileRef = FAA7C8B02384C7AB00F46C0E /* NetworkError.swift */; };
		FAA7C8B32384C82400F46C0E /* AuthType.swift in Sources */ = {isa = PBXBuildFile; fileRef = FAA7C8B22384C82400F46C0E /* AuthType.swift */; };
		FAA7C8B52384C87C00F46C0E /* EncodableExtension.swift in Sources */ = {isa = PBXBuildFile; fileRef = FAA7C8B42384C87C00F46C0E /* EncodableExtension.swift */; };
		FAA7C8B72384CE6800F46C0E /* HeaderNames.swift in Sources */ = {isa = PBXBuildFile; fileRef = FAA7C8B62384CE6800F46C0E /* HeaderNames.swift */; };
		FAA7C8BF2385D81E00F46C0E /* SnackifyTests.swift in Sources */ = {isa = PBXBuildFile; fileRef = FAA7C8BE2385D81E00F46C0E /* SnackifyTests.swift */; };
		FAA7C8CD2385D8B800F46C0E /* SnackifyUITests.swift in Sources */ = {isa = PBXBuildFile; fileRef = FAA7C8CC2385D8B800F46C0E /* SnackifyUITests.swift */; };
/* End PBXBuildFile section */

/* Begin PBXContainerItemProxy section */
		FAA7C8C12385D81E00F46C0E /* PBXContainerItemProxy */ = {
			isa = PBXContainerItemProxy;
			containerPortal = FA806A3D23830A92003907EE /* Project object */;
			proxyType = 1;
			remoteGlobalIDString = FA806A4423830A92003907EE;
			remoteInfo = Snackify;
		};
		FAA7C8CF2385D8B800F46C0E /* PBXContainerItemProxy */ = {
			isa = PBXContainerItemProxy;
			containerPortal = FA806A3D23830A92003907EE /* Project object */;
			proxyType = 1;
			remoteGlobalIDString = FA806A4423830A92003907EE;
			remoteInfo = Snackify;
		};
/* End PBXContainerItemProxy section */

/* Begin PBXFileReference section */
		9936AF442383371D00A9F99C /* Bearer.swift */ = {isa = PBXFileReference; lastKnownFileType = sourcecode.swift; path = Bearer.swift; sourceTree = "<group>"; };
		9936AF46238337B100A9F99C /* NetworkManager.swift */ = {isa = PBXFileReference; fileEncoding = 4; lastKnownFileType = sourcecode.swift; name = NetworkManager.swift; path = "Model Controllers/NetworkManager.swift"; sourceTree = SOURCE_ROOT; };
		9936AF4A2383533E00A9F99C /* Subscription.swift */ = {isa = PBXFileReference; fileEncoding = 4; lastKnownFileType = sourcecode.swift; path = Subscription.swift; sourceTree = "<group>"; };
		9936AF4C2383605300A9F99C /* SnackManager.swift */ = {isa = PBXFileReference; lastKnownFileType = sourcecode.swift; name = SnackManager.swift; path = "Model Controllers/SnackManager.swift"; sourceTree = SOURCE_ROOT; };
		9936AF4E238373A200A9F99C /* User.swift */ = {isa = PBXFileReference; fileEncoding = 4; lastKnownFileType = sourcecode.swift; path = User.swift; sourceTree = "<group>"; };
		99570C432385CB8F00DE6E65 /* UserType.swift */ = {isa = PBXFileReference; lastKnownFileType = sourcecode.swift; path = UserType.swift; sourceTree = "<group>"; };
		99D8270C23831B3000E147C7 /* Snack.swift */ = {isa = PBXFileReference; lastKnownFileType = sourcecode.swift; path = Snack.swift; sourceTree = "<group>"; };
		99D8270E23831B3600E147C7 /* Organization.swift */ = {isa = PBXFileReference; lastKnownFileType = sourcecode.swift; path = Organization.swift; sourceTree = "<group>"; };
		FA806A4523830A92003907EE /* Snackify.app */ = {isa = PBXFileReference; explicitFileType = wrapper.application; includeInIndex = 0; path = Snackify.app; sourceTree = BUILT_PRODUCTS_DIR; };
		FA806A4823830A92003907EE /* AppDelegate.swift */ = {isa = PBXFileReference; lastKnownFileType = sourcecode.swift; path = AppDelegate.swift; sourceTree = "<group>"; };
		FA806A4A23830A92003907EE /* SceneDelegate.swift */ = {isa = PBXFileReference; lastKnownFileType = sourcecode.swift; path = SceneDelegate.swift; sourceTree = "<group>"; };
		FA806A4F23830A92003907EE /* Base */ = {isa = PBXFileReference; lastKnownFileType = file.storyboard; name = Base; path = Base.lproj/Main.storyboard; sourceTree = "<group>"; };
		FA806A5123830A94003907EE /* Assets.xcassets */ = {isa = PBXFileReference; lastKnownFileType = folder.assetcatalog; path = Assets.xcassets; sourceTree = "<group>"; };
		FA806A5423830A94003907EE /* Base */ = {isa = PBXFileReference; lastKnownFileType = file.storyboard; name = Base; path = Base.lproj/LaunchScreen.storyboard; sourceTree = "<group>"; };
		FA806A5623830A94003907EE /* Info.plist */ = {isa = PBXFileReference; lastKnownFileType = text.plist.xml; path = Info.plist; sourceTree = "<group>"; };
		FA806A5E2383532E003907EE /* LoginViewController.swift */ = {isa = PBXFileReference; lastKnownFileType = sourcecode.swift; path = LoginViewController.swift; sourceTree = "<group>"; };
		FA806A602383536C003907EE /* SnacksTableViewController.swift */ = {isa = PBXFileReference; lastKnownFileType = sourcecode.swift; path = SnacksTableViewController.swift; sourceTree = "<group>"; };
		FA806A62238353AB003907EE /* SnackDetailViewController.swift */ = {isa = PBXFileReference; lastKnownFileType = sourcecode.swift; path = SnackDetailViewController.swift; sourceTree = "<group>"; };
		FA806A64238353FC003907EE /* SnacksOrderViewController.swift */ = {isa = PBXFileReference; lastKnownFileType = sourcecode.swift; path = SnacksOrderViewController.swift; sourceTree = "<group>"; };
		FA806A6623835462003907EE /* SnacksMainViewController.swift */ = {isa = PBXFileReference; lastKnownFileType = sourcecode.swift; path = SnacksMainViewController.swift; sourceTree = "<group>"; };
		FAA7C8A9238456BD00F46C0E /* CRUDMethods.swift */ = {isa = PBXFileReference; lastKnownFileType = sourcecode.swift; name = CRUDMethods.swift; path = Models/CRUDMethods.swift; sourceTree = SOURCE_ROOT; };
		FAA7C8AE2384C6F400F46C0E /* HTTPMethods.swift */ = {isa = PBXFileReference; lastKnownFileType = sourcecode.swift; path = HTTPMethods.swift; sourceTree = "<group>"; };
		FAA7C8B02384C7AB00F46C0E /* NetworkError.swift */ = {isa = PBXFileReference; lastKnownFileType = sourcecode.swift; path = NetworkError.swift; sourceTree = "<group>"; };
		FAA7C8B22384C82400F46C0E /* AuthType.swift */ = {isa = PBXFileReference; lastKnownFileType = sourcecode.swift; path = AuthType.swift; sourceTree = "<group>"; };
		FAA7C8B42384C87C00F46C0E /* EncodableExtension.swift */ = {isa = PBXFileReference; lastKnownFileType = sourcecode.swift; path = EncodableExtension.swift; sourceTree = "<group>"; };
		FAA7C8B62384CE6800F46C0E /* HeaderNames.swift */ = {isa = PBXFileReference; lastKnownFileType = sourcecode.swift; path = HeaderNames.swift; sourceTree = "<group>"; };
		FAA7C8BC2385D81E00F46C0E /* SnackifyTests.xctest */ = {isa = PBXFileReference; explicitFileType = wrapper.cfbundle; includeInIndex = 0; path = SnackifyTests.xctest; sourceTree = BUILT_PRODUCTS_DIR; };
		FAA7C8BE2385D81E00F46C0E /* SnackifyTests.swift */ = {isa = PBXFileReference; lastKnownFileType = sourcecode.swift; path = SnackifyTests.swift; sourceTree = "<group>"; };
		FAA7C8C02385D81E00F46C0E /* Info.plist */ = {isa = PBXFileReference; lastKnownFileType = text.plist.xml; path = Info.plist; sourceTree = "<group>"; };
		FAA7C8CA2385D8B800F46C0E /* SnackifyUITests.xctest */ = {isa = PBXFileReference; explicitFileType = wrapper.cfbundle; includeInIndex = 0; path = SnackifyUITests.xctest; sourceTree = BUILT_PRODUCTS_DIR; };
		FAA7C8CC2385D8B800F46C0E /* SnackifyUITests.swift */ = {isa = PBXFileReference; lastKnownFileType = sourcecode.swift; path = SnackifyUITests.swift; sourceTree = "<group>"; };
		FAA7C8CE2385D8B800F46C0E /* Info.plist */ = {isa = PBXFileReference; lastKnownFileType = text.plist.xml; path = Info.plist; sourceTree = "<group>"; };
/* End PBXFileReference section */

/* Begin PBXFrameworksBuildPhase section */
		FA806A4223830A92003907EE /* Frameworks */ = {
			isa = PBXFrameworksBuildPhase;
			buildActionMask = 2147483647;
			files = (
			);
			runOnlyForDeploymentPostprocessing = 0;
		};
		FAA7C8B92385D81E00F46C0E /* Frameworks */ = {
			isa = PBXFrameworksBuildPhase;
			buildActionMask = 2147483647;
			files = (
			);
			runOnlyForDeploymentPostprocessing = 0;
		};
		FAA7C8C72385D8B800F46C0E /* Frameworks */ = {
			isa = PBXFrameworksBuildPhase;
			buildActionMask = 2147483647;
			files = (
			);
			runOnlyForDeploymentPostprocessing = 0;
		};
/* End PBXFrameworksBuildPhase section */

/* Begin PBXGroup section */
		99D8270B23831B0100E147C7 /* Models */ = {
			isa = PBXGroup;
			children = (
				99D8270E23831B3600E147C7 /* Organization.swift */,
				9936AF4E238373A200A9F99C /* User.swift */,
				99D8270C23831B3000E147C7 /* Snack.swift */,
				9936AF442383371D00A9F99C /* Bearer.swift */,
				9936AF4A2383533E00A9F99C /* Subscription.swift */,
			);
			path = Models;
			sourceTree = "<group>";
		};
		99D82715238327EB00E147C7 /* Model Controllers */ = {
			isa = PBXGroup;
			children = (
				9936AF46238337B100A9F99C /* NetworkManager.swift */,
				9936AF4C2383605300A9F99C /* SnackManager.swift */,
				FAA7C8A9238456BD00F46C0E /* CRUDMethods.swift */,
			);
			path = "Model Controllers";
			sourceTree = "<group>";
		};
		FA806A3C23830A92003907EE = {
			isa = PBXGroup;
			children = (
				FAA7C8AD2384C6CE00F46C0E /* Helpers */,
				FA806A5D2383510C003907EE /* View Controllers */,
				FA806A5C23830AA8003907EE /* Storyboards */,
				99D8270B23831B0100E147C7 /* Models */,
				99D82715238327EB00E147C7 /* Model Controllers */,
				FA806A4723830A92003907EE /* Snackify */,
				FAA7C8BD2385D81E00F46C0E /* SnackifyTests */,
				FAA7C8CB2385D8B800F46C0E /* SnackifyUITests */,
				FA806A4623830A92003907EE /* Products */,
			);
			sourceTree = "<group>";
		};
		FA806A4623830A92003907EE /* Products */ = {
			isa = PBXGroup;
			children = (
				FA806A4523830A92003907EE /* Snackify.app */,
				FAA7C8BC2385D81E00F46C0E /* SnackifyTests.xctest */,
				FAA7C8CA2385D8B800F46C0E /* SnackifyUITests.xctest */,
			);
			name = Products;
			sourceTree = "<group>";
		};
		FA806A4723830A92003907EE /* Snackify */ = {
			isa = PBXGroup;
			children = (
				FA806A4823830A92003907EE /* AppDelegate.swift */,
				FA806A4A23830A92003907EE /* SceneDelegate.swift */,
				FA806A5123830A94003907EE /* Assets.xcassets */,
				FA806A5623830A94003907EE /* Info.plist */,
			);
			path = Snackify;
			sourceTree = "<group>";
		};
		FA806A5C23830AA8003907EE /* Storyboards */ = {
			isa = PBXGroup;
			children = (
				FA806A4E23830A92003907EE /* Main.storyboard */,
				FA806A5323830A94003907EE /* LaunchScreen.storyboard */,
			);
			path = Storyboards;
			sourceTree = "<group>";
		};
		FA806A5D2383510C003907EE /* View Controllers */ = {
			isa = PBXGroup;
			children = (
				FA806A5E2383532E003907EE /* LoginViewController.swift */,
				FA806A602383536C003907EE /* SnacksTableViewController.swift */,
				FA806A62238353AB003907EE /* SnackDetailViewController.swift */,
				FA806A64238353FC003907EE /* SnacksOrderViewController.swift */,
				FA806A6623835462003907EE /* SnacksMainViewController.swift */,
			);
			path = "View Controllers";
			sourceTree = "<group>";
		};
		FAA7C8AD2384C6CE00F46C0E /* Helpers */ = {
			isa = PBXGroup;
			children = (
				FAA7C8AE2384C6F400F46C0E /* HTTPMethods.swift */,
				FAA7C8B02384C7AB00F46C0E /* NetworkError.swift */,
				FAA7C8B22384C82400F46C0E /* AuthType.swift */,
				99570C432385CB8F00DE6E65 /* UserType.swift */,
				FAA7C8B42384C87C00F46C0E /* EncodableExtension.swift */,
				FAA7C8B62384CE6800F46C0E /* HeaderNames.swift */,
			);
			path = Helpers;
			sourceTree = "<group>";
		};
		FAA7C8BD2385D81E00F46C0E /* SnackifyTests */ = {
			isa = PBXGroup;
			children = (
				FAA7C8BE2385D81E00F46C0E /* SnackifyTests.swift */,
				FAA7C8C02385D81E00F46C0E /* Info.plist */,
			);
			path = SnackifyTests;
			sourceTree = "<group>";
		};
		FAA7C8CB2385D8B800F46C0E /* SnackifyUITests */ = {
			isa = PBXGroup;
			children = (
				FAA7C8CC2385D8B800F46C0E /* SnackifyUITests.swift */,
				FAA7C8CE2385D8B800F46C0E /* Info.plist */,
			);
			path = SnackifyUITests;
			sourceTree = "<group>";
		};
/* End PBXGroup section */

/* Begin PBXNativeTarget section */
		FA806A4423830A92003907EE /* Snackify */ = {
			isa = PBXNativeTarget;
			buildConfigurationList = FA806A5923830A94003907EE /* Build configuration list for PBXNativeTarget "Snackify" */;
			buildPhases = (
				FA806A4123830A92003907EE /* Sources */,
				FA806A4223830A92003907EE /* Frameworks */,
				FA806A4323830A92003907EE /* Resources */,
			);
			buildRules = (
			);
			dependencies = (
			);
			name = Snackify;
			productName = Snackify;
			productReference = FA806A4523830A92003907EE /* Snackify.app */;
			productType = "com.apple.product-type.application";
		};
		FAA7C8BB2385D81E00F46C0E /* SnackifyTests */ = {
			isa = PBXNativeTarget;
			buildConfigurationList = FAA7C8C52385D81E00F46C0E /* Build configuration list for PBXNativeTarget "SnackifyTests" */;
			buildPhases = (
				FAA7C8B82385D81E00F46C0E /* Sources */,
				FAA7C8B92385D81E00F46C0E /* Frameworks */,
				FAA7C8BA2385D81E00F46C0E /* Resources */,
			);
			buildRules = (
			);
			dependencies = (
				FAA7C8C22385D81E00F46C0E /* PBXTargetDependency */,
			);
			name = SnackifyTests;
			productName = SnackifyTests;
			productReference = FAA7C8BC2385D81E00F46C0E /* SnackifyTests.xctest */;
			productType = "com.apple.product-type.bundle.unit-test";
		};
		FAA7C8C92385D8B800F46C0E /* SnackifyUITests */ = {
			isa = PBXNativeTarget;
			buildConfigurationList = FAA7C8D12385D8B800F46C0E /* Build configuration list for PBXNativeTarget "SnackifyUITests" */;
			buildPhases = (
				FAA7C8C62385D8B800F46C0E /* Sources */,
				FAA7C8C72385D8B800F46C0E /* Frameworks */,
				FAA7C8C82385D8B800F46C0E /* Resources */,
			);
			buildRules = (
			);
			dependencies = (
				FAA7C8D02385D8B800F46C0E /* PBXTargetDependency */,
			);
			name = SnackifyUITests;
			productName = SnackifyUITests;
			productReference = FAA7C8CA2385D8B800F46C0E /* SnackifyUITests.xctest */;
			productType = "com.apple.product-type.bundle.ui-testing";
		};
/* End PBXNativeTarget section */

/* Begin PBXProject section */
		FA806A3D23830A92003907EE /* Project object */ = {
			isa = PBXProject;
			attributes = {
				LastSwiftUpdateCheck = 1120;
				LastUpgradeCheck = 1120;
				ORGANIZATIONNAME = "Lambda School";
				TargetAttributes = {
					FA806A4423830A92003907EE = {
						CreatedOnToolsVersion = 11.2.1;
					};
					FAA7C8BB2385D81E00F46C0E = {
						CreatedOnToolsVersion = 11.2.1;
						TestTargetID = FA806A4423830A92003907EE;
					};
					FAA7C8C92385D8B800F46C0E = {
						CreatedOnToolsVersion = 11.2.1;
						TestTargetID = FA806A4423830A92003907EE;
					};
				};
			};
			buildConfigurationList = FA806A4023830A92003907EE /* Build configuration list for PBXProject "Snackify" */;
			compatibilityVersion = "Xcode 9.3";
			developmentRegion = en;
			hasScannedForEncodings = 0;
			knownRegions = (
				en,
				Base,
			);
			mainGroup = FA806A3C23830A92003907EE;
			productRefGroup = FA806A4623830A92003907EE /* Products */;
			projectDirPath = "";
			projectRoot = "";
			targets = (
				FA806A4423830A92003907EE /* Snackify */,
				FAA7C8BB2385D81E00F46C0E /* SnackifyTests */,
				FAA7C8C92385D8B800F46C0E /* SnackifyUITests */,
			);
		};
/* End PBXProject section */

/* Begin PBXResourcesBuildPhase section */
		FA806A4323830A92003907EE /* Resources */ = {
			isa = PBXResourcesBuildPhase;
			buildActionMask = 2147483647;
			files = (
				FA806A5523830A94003907EE /* LaunchScreen.storyboard in Resources */,
				FA806A5223830A94003907EE /* Assets.xcassets in Resources */,
				FA806A5023830A92003907EE /* Main.storyboard in Resources */,
			);
			runOnlyForDeploymentPostprocessing = 0;
		};
		FAA7C8BA2385D81E00F46C0E /* Resources */ = {
			isa = PBXResourcesBuildPhase;
			buildActionMask = 2147483647;
			files = (
			);
			runOnlyForDeploymentPostprocessing = 0;
		};
		FAA7C8C82385D8B800F46C0E /* Resources */ = {
			isa = PBXResourcesBuildPhase;
			buildActionMask = 2147483647;
			files = (
			);
			runOnlyForDeploymentPostprocessing = 0;
		};
/* End PBXResourcesBuildPhase section */

/* Begin PBXSourcesBuildPhase section */
		FA806A4123830A92003907EE /* Sources */ = {
			isa = PBXSourcesBuildPhase;
			buildActionMask = 2147483647;
			files = (
				FAA7C8B32384C82400F46C0E /* AuthType.swift in Sources */,
				FA806A6723835462003907EE /* SnacksMainViewController.swift in Sources */,
				99570C442385CB8F00DE6E65 /* UserType.swift in Sources */,
				FA806A4923830A92003907EE /* AppDelegate.swift in Sources */,
				FA806A65238353FC003907EE /* SnacksOrderViewController.swift in Sources */,
				FA806A612383536C003907EE /* SnacksTableViewController.swift in Sources */,
				FAA7C8B72384CE6800F46C0E /* HeaderNames.swift in Sources */,
				FA806A4B23830A92003907EE /* SceneDelegate.swift in Sources */,
				9936AF4B2383533E00A9F99C /* Subscription.swift in Sources */,
				993032142384440900C3F7D4 /* User.swift in Sources */,
				9936AF452383371D00A9F99C /* Bearer.swift in Sources */,
				9936AF47238337B100A9F99C /* NetworkManager.swift in Sources */,
				FA806A5F2383532E003907EE /* LoginViewController.swift in Sources */,
				99D8270D23831B3000E147C7 /* Snack.swift in Sources */,
				FAA7C8B52384C87C00F46C0E /* EncodableExtension.swift in Sources */,
				99D8270F23831B3600E147C7 /* Organization.swift in Sources */,
				FAA7C8AF2384C6F500F46C0E /* HTTPMethods.swift in Sources */,
				FAA7C8AA238456BD00F46C0E /* CRUDMethods.swift in Sources */,
				FAA7C8B12384C7AB00F46C0E /* NetworkError.swift in Sources */,
				FA806A63238353AB003907EE /* SnackDetailViewController.swift in Sources */,
				9936AF4D2383605300A9F99C /* SnackManager.swift in Sources */,
			);
			runOnlyForDeploymentPostprocessing = 0;
		};
		FAA7C8B82385D81E00F46C0E /* Sources */ = {
			isa = PBXSourcesBuildPhase;
			buildActionMask = 2147483647;
			files = (
				FAA7C8BF2385D81E00F46C0E /* SnackifyTests.swift in Sources */,
			);
			runOnlyForDeploymentPostprocessing = 0;
		};
		FAA7C8C62385D8B800F46C0E /* Sources */ = {
			isa = PBXSourcesBuildPhase;
			buildActionMask = 2147483647;
			files = (
				FAA7C8CD2385D8B800F46C0E /* SnackifyUITests.swift in Sources */,
			);
			runOnlyForDeploymentPostprocessing = 0;
		};
/* End PBXSourcesBuildPhase section */

/* Begin PBXTargetDependency section */
		FAA7C8C22385D81E00F46C0E /* PBXTargetDependency */ = {
			isa = PBXTargetDependency;
			target = FA806A4423830A92003907EE /* Snackify */;
			targetProxy = FAA7C8C12385D81E00F46C0E /* PBXContainerItemProxy */;
		};
		FAA7C8D02385D8B800F46C0E /* PBXTargetDependency */ = {
			isa = PBXTargetDependency;
			target = FA806A4423830A92003907EE /* Snackify */;
			targetProxy = FAA7C8CF2385D8B800F46C0E /* PBXContainerItemProxy */;
		};
/* End PBXTargetDependency section */

/* Begin PBXVariantGroup section */
		FA806A4E23830A92003907EE /* Main.storyboard */ = {
			isa = PBXVariantGroup;
			children = (
				FA806A4F23830A92003907EE /* Base */,
			);
			name = Main.storyboard;
			sourceTree = "<group>";
		};
		FA806A5323830A94003907EE /* LaunchScreen.storyboard */ = {
			isa = PBXVariantGroup;
			children = (
				FA806A5423830A94003907EE /* Base */,
			);
			name = LaunchScreen.storyboard;
			sourceTree = "<group>";
		};
/* End PBXVariantGroup section */

/* Begin XCBuildConfiguration section */
		FA806A5723830A94003907EE /* Debug */ = {
			isa = XCBuildConfiguration;
			buildSettings = {
				ALWAYS_SEARCH_USER_PATHS = NO;
				CLANG_ANALYZER_NONNULL = YES;
				CLANG_ANALYZER_NUMBER_OBJECT_CONVERSION = YES_AGGRESSIVE;
				CLANG_CXX_LANGUAGE_STANDARD = "gnu++14";
				CLANG_CXX_LIBRARY = "libc++";
				CLANG_ENABLE_MODULES = YES;
				CLANG_ENABLE_OBJC_ARC = YES;
				CLANG_ENABLE_OBJC_WEAK = YES;
				CLANG_WARN_BLOCK_CAPTURE_AUTORELEASING = YES;
				CLANG_WARN_BOOL_CONVERSION = YES;
				CLANG_WARN_COMMA = YES;
				CLANG_WARN_CONSTANT_CONVERSION = YES;
				CLANG_WARN_DEPRECATED_OBJC_IMPLEMENTATIONS = YES;
				CLANG_WARN_DIRECT_OBJC_ISA_USAGE = YES_ERROR;
				CLANG_WARN_DOCUMENTATION_COMMENTS = YES;
				CLANG_WARN_EMPTY_BODY = YES;
				CLANG_WARN_ENUM_CONVERSION = YES;
				CLANG_WARN_INFINITE_RECURSION = YES;
				CLANG_WARN_INT_CONVERSION = YES;
				CLANG_WARN_NON_LITERAL_NULL_CONVERSION = YES;
				CLANG_WARN_OBJC_IMPLICIT_RETAIN_SELF = YES;
				CLANG_WARN_OBJC_LITERAL_CONVERSION = YES;
				CLANG_WARN_OBJC_ROOT_CLASS = YES_ERROR;
				CLANG_WARN_RANGE_LOOP_ANALYSIS = YES;
				CLANG_WARN_STRICT_PROTOTYPES = YES;
				CLANG_WARN_SUSPICIOUS_MOVE = YES;
				CLANG_WARN_UNGUARDED_AVAILABILITY = YES_AGGRESSIVE;
				CLANG_WARN_UNREACHABLE_CODE = YES;
				CLANG_WARN__DUPLICATE_METHOD_MATCH = YES;
				COPY_PHASE_STRIP = NO;
				DEBUG_INFORMATION_FORMAT = dwarf;
				ENABLE_STRICT_OBJC_MSGSEND = YES;
				ENABLE_TESTABILITY = YES;
				GCC_C_LANGUAGE_STANDARD = gnu11;
				GCC_DYNAMIC_NO_PIC = NO;
				GCC_NO_COMMON_BLOCKS = YES;
				GCC_OPTIMIZATION_LEVEL = 0;
				GCC_PREPROCESSOR_DEFINITIONS = (
					"DEBUG=1",
					"$(inherited)",
				);
				GCC_WARN_64_TO_32_BIT_CONVERSION = YES;
				GCC_WARN_ABOUT_RETURN_TYPE = YES_ERROR;
				GCC_WARN_UNDECLARED_SELECTOR = YES;
				GCC_WARN_UNINITIALIZED_AUTOS = YES_AGGRESSIVE;
				GCC_WARN_UNUSED_FUNCTION = YES;
				GCC_WARN_UNUSED_VARIABLE = YES;
				IPHONEOS_DEPLOYMENT_TARGET = 13.2;
				MTL_ENABLE_DEBUG_INFO = INCLUDE_SOURCE;
				MTL_FAST_MATH = YES;
				ONLY_ACTIVE_ARCH = YES;
				SDKROOT = iphoneos;
				SWIFT_ACTIVE_COMPILATION_CONDITIONS = DEBUG;
				SWIFT_OPTIMIZATION_LEVEL = "-Onone";
			};
			name = Debug;
		};
		FA806A5823830A94003907EE /* Release */ = {
			isa = XCBuildConfiguration;
			buildSettings = {
				ALWAYS_SEARCH_USER_PATHS = NO;
				CLANG_ANALYZER_NONNULL = YES;
				CLANG_ANALYZER_NUMBER_OBJECT_CONVERSION = YES_AGGRESSIVE;
				CLANG_CXX_LANGUAGE_STANDARD = "gnu++14";
				CLANG_CXX_LIBRARY = "libc++";
				CLANG_ENABLE_MODULES = YES;
				CLANG_ENABLE_OBJC_ARC = YES;
				CLANG_ENABLE_OBJC_WEAK = YES;
				CLANG_WARN_BLOCK_CAPTURE_AUTORELEASING = YES;
				CLANG_WARN_BOOL_CONVERSION = YES;
				CLANG_WARN_COMMA = YES;
				CLANG_WARN_CONSTANT_CONVERSION = YES;
				CLANG_WARN_DEPRECATED_OBJC_IMPLEMENTATIONS = YES;
				CLANG_WARN_DIRECT_OBJC_ISA_USAGE = YES_ERROR;
				CLANG_WARN_DOCUMENTATION_COMMENTS = YES;
				CLANG_WARN_EMPTY_BODY = YES;
				CLANG_WARN_ENUM_CONVERSION = YES;
				CLANG_WARN_INFINITE_RECURSION = YES;
				CLANG_WARN_INT_CONVERSION = YES;
				CLANG_WARN_NON_LITERAL_NULL_CONVERSION = YES;
				CLANG_WARN_OBJC_IMPLICIT_RETAIN_SELF = YES;
				CLANG_WARN_OBJC_LITERAL_CONVERSION = YES;
				CLANG_WARN_OBJC_ROOT_CLASS = YES_ERROR;
				CLANG_WARN_RANGE_LOOP_ANALYSIS = YES;
				CLANG_WARN_STRICT_PROTOTYPES = YES;
				CLANG_WARN_SUSPICIOUS_MOVE = YES;
				CLANG_WARN_UNGUARDED_AVAILABILITY = YES_AGGRESSIVE;
				CLANG_WARN_UNREACHABLE_CODE = YES;
				CLANG_WARN__DUPLICATE_METHOD_MATCH = YES;
				COPY_PHASE_STRIP = NO;
				DEBUG_INFORMATION_FORMAT = "dwarf-with-dsym";
				ENABLE_NS_ASSERTIONS = NO;
				ENABLE_STRICT_OBJC_MSGSEND = YES;
				GCC_C_LANGUAGE_STANDARD = gnu11;
				GCC_NO_COMMON_BLOCKS = YES;
				GCC_WARN_64_TO_32_BIT_CONVERSION = YES;
				GCC_WARN_ABOUT_RETURN_TYPE = YES_ERROR;
				GCC_WARN_UNDECLARED_SELECTOR = YES;
				GCC_WARN_UNINITIALIZED_AUTOS = YES_AGGRESSIVE;
				GCC_WARN_UNUSED_FUNCTION = YES;
				GCC_WARN_UNUSED_VARIABLE = YES;
				IPHONEOS_DEPLOYMENT_TARGET = 13.2;
				MTL_ENABLE_DEBUG_INFO = NO;
				MTL_FAST_MATH = YES;
				SDKROOT = iphoneos;
				SWIFT_COMPILATION_MODE = wholemodule;
				SWIFT_OPTIMIZATION_LEVEL = "-O";
				VALIDATE_PRODUCT = YES;
			};
			name = Release;
		};
		FA806A5A23830A94003907EE /* Debug */ = {
			isa = XCBuildConfiguration;
			buildSettings = {
				ASSETCATALOG_COMPILER_APPICON_NAME = AppIcon;
				CODE_SIGN_STYLE = Automatic;
				INFOPLIST_FILE = Snackify/Info.plist;
				LD_RUNPATH_SEARCH_PATHS = (
					"$(inherited)",
					"@executable_path/Frameworks",
				);
				PRODUCT_BUNDLE_IDENTIFIER = com.lambdaschool.Snackify;
				PRODUCT_NAME = "$(TARGET_NAME)";
				SWIFT_VERSION = 5.0;
				TARGETED_DEVICE_FAMILY = "1,2";
			};
			name = Debug;
		};
		FA806A5B23830A94003907EE /* Release */ = {
			isa = XCBuildConfiguration;
			buildSettings = {
				ASSETCATALOG_COMPILER_APPICON_NAME = AppIcon;
				CODE_SIGN_STYLE = Automatic;
				INFOPLIST_FILE = Snackify/Info.plist;
				LD_RUNPATH_SEARCH_PATHS = (
					"$(inherited)",
					"@executable_path/Frameworks",
				);
				PRODUCT_BUNDLE_IDENTIFIER = com.lambdaschool.Snackify;
				PRODUCT_NAME = "$(TARGET_NAME)";
				SWIFT_VERSION = 5.0;
				TARGETED_DEVICE_FAMILY = "1,2";
			};
			name = Release;
		};
		FAA7C8C32385D81E00F46C0E /* Debug */ = {
			isa = XCBuildConfiguration;
			buildSettings = {
				BUNDLE_LOADER = "$(TEST_HOST)";
				CODE_SIGN_STYLE = Automatic;
				INFOPLIST_FILE = SnackifyTests/Info.plist;
				LD_RUNPATH_SEARCH_PATHS = (
					"$(inherited)",
					"@executable_path/Frameworks",
					"@loader_path/Frameworks",
				);
				PRODUCT_BUNDLE_IDENTIFIER = com.lambdaschool.SnackifyTests;
				PRODUCT_NAME = "$(TARGET_NAME)";
				SWIFT_VERSION = 5.0;
				TARGETED_DEVICE_FAMILY = "1,2";
				TEST_HOST = "$(BUILT_PRODUCTS_DIR)/Snackify.app/Snackify";
			};
			name = Debug;
		};
		FAA7C8C42385D81E00F46C0E /* Release */ = {
			isa = XCBuildConfiguration;
			buildSettings = {
				BUNDLE_LOADER = "$(TEST_HOST)";
				CODE_SIGN_STYLE = Automatic;
				INFOPLIST_FILE = SnackifyTests/Info.plist;
				LD_RUNPATH_SEARCH_PATHS = (
					"$(inherited)",
					"@executable_path/Frameworks",
					"@loader_path/Frameworks",
				);
				PRODUCT_BUNDLE_IDENTIFIER = com.lambdaschool.SnackifyTests;
				PRODUCT_NAME = "$(TARGET_NAME)";
				SWIFT_VERSION = 5.0;
				TARGETED_DEVICE_FAMILY = "1,2";
				TEST_HOST = "$(BUILT_PRODUCTS_DIR)/Snackify.app/Snackify";
			};
			name = Release;
		};
		FAA7C8D22385D8B800F46C0E /* Debug */ = {
			isa = XCBuildConfiguration;
			buildSettings = {
				CODE_SIGN_STYLE = Automatic;
				INFOPLIST_FILE = SnackifyUITests/Info.plist;
				LD_RUNPATH_SEARCH_PATHS = (
					"$(inherited)",
					"@executable_path/Frameworks",
					"@loader_path/Frameworks",
				);
				PRODUCT_BUNDLE_IDENTIFIER = com.lambdaschool.SnackifyUITests;
				PRODUCT_NAME = "$(TARGET_NAME)";
				SWIFT_VERSION = 5.0;
				TARGETED_DEVICE_FAMILY = "1,2";
				TEST_TARGET_NAME = Snackify;
			};
			name = Debug;
		};
		FAA7C8D32385D8B800F46C0E /* Release */ = {
			isa = XCBuildConfiguration;
			buildSettings = {
				CODE_SIGN_STYLE = Automatic;
				INFOPLIST_FILE = SnackifyUITests/Info.plist;
				LD_RUNPATH_SEARCH_PATHS = (
					"$(inherited)",
					"@executable_path/Frameworks",
					"@loader_path/Frameworks",
				);
				PRODUCT_BUNDLE_IDENTIFIER = com.lambdaschool.SnackifyUITests;
				PRODUCT_NAME = "$(TARGET_NAME)";
				SWIFT_VERSION = 5.0;
				TARGETED_DEVICE_FAMILY = "1,2";
				TEST_TARGET_NAME = Snackify;
			};
			name = Release;
		};
/* End XCBuildConfiguration section */

/* Begin XCConfigurationList section */
		FA806A4023830A92003907EE /* Build configuration list for PBXProject "Snackify" */ = {
			isa = XCConfigurationList;
			buildConfigurations = (
				FA806A5723830A94003907EE /* Debug */,
				FA806A5823830A94003907EE /* Release */,
			);
			defaultConfigurationIsVisible = 0;
			defaultConfigurationName = Release;
		};
		FA806A5923830A94003907EE /* Build configuration list for PBXNativeTarget "Snackify" */ = {
			isa = XCConfigurationList;
			buildConfigurations = (
				FA806A5A23830A94003907EE /* Debug */,
				FA806A5B23830A94003907EE /* Release */,
			);
			defaultConfigurationIsVisible = 0;
			defaultConfigurationName = Release;
		};
		FAA7C8C52385D81E00F46C0E /* Build configuration list for PBXNativeTarget "SnackifyTests" */ = {
			isa = XCConfigurationList;
			buildConfigurations = (
				FAA7C8C32385D81E00F46C0E /* Debug */,
				FAA7C8C42385D81E00F46C0E /* Release */,
			);
			defaultConfigurationIsVisible = 0;
			defaultConfigurationName = Release;
		};
		FAA7C8D12385D8B800F46C0E /* Build configuration list for PBXNativeTarget "SnackifyUITests" */ = {
			isa = XCConfigurationList;
			buildConfigurations = (
				FAA7C8D22385D8B800F46C0E /* Debug */,
				FAA7C8D32385D8B800F46C0E /* Release */,
			);
			defaultConfigurationIsVisible = 0;
			defaultConfigurationName = Release;
		};
/* End XCConfigurationList section */
	};
	rootObject = FA806A3D23830A92003907EE /* Project object */;
}
